{
  "name": "go",
  "version": "1.0.0",
  "lockfileVersion": 1,
  "requires": true,
  "dependencies": {
    "gojs": {
      "version": "2.1.29",
      "resolved": "http://62.234.217.203:52528/repository/ys-group/gojs/-/gojs-2.1.29.tgz",
      "integrity": "sha1-CmonsBbToarcKOKkbGAckyLelVE="
    }
  }
}
